// !$*UTF8*$!
{
	archiveVersion = 1;
	classes = {
	};
	objectVersion = 46;
	objects = {

/* Begin PBXBuildFile section */
		8E47E5311E566BCE006F3686 /* AppDelegate.swift in Sources */ = {isa = PBXBuildFile; fileRef = 8E47E5301E566BCE006F3686 /* AppDelegate.swift */; };
		8E47E5331E566BCE006F3686 /* SignInVC.swift in Sources */ = {isa = PBXBuildFile; fileRef = 8E47E5321E566BCE006F3686 /* SignInVC.swift */; };
		8E47E5361E566BCE006F3686 /* Main.storyboard in Resources */ = {isa = PBXBuildFile; fileRef = 8E47E5341E566BCE006F3686 /* Main.storyboard */; };
		8E47E5381E566BCE006F3686 /* Assets.xcassets in Resources */ = {isa = PBXBuildFile; fileRef = 8E47E5371E566BCE006F3686 /* Assets.xcassets */; };
		8E47E53B1E566BCE006F3686 /* LaunchScreen.storyboard in Resources */ = {isa = PBXBuildFile; fileRef = 8E47E5391E566BCE006F3686 /* LaunchScreen.storyboard */; };
		8E648CA51E56A4730076FC63 /* FancyView.swift in Sources */ = {isa = PBXBuildFile; fileRef = 8E648CA41E56A4730076FC63 /* FancyView.swift */; };
		8E648CA81E56A58D0076FC63 /* Constants.swift in Sources */ = {isa = PBXBuildFile; fileRef = 8E648CA71E56A58D0076FC63 /* Constants.swift */; };
		8E648CAA1E56A8300076FC63 /* RoundButton.swift in Sources */ = {isa = PBXBuildFile; fileRef = 8E648CA91E56A8300076FC63 /* RoundButton.swift */; };
		8E648CAC1E56AB360076FC63 /* FancyField.swift in Sources */ = {isa = PBXBuildFile; fileRef = 8E648CAB1E56AB360076FC63 /* FancyField.swift */; };
		8E648CAE1E56ADB70076FC63 /* FancyButton.swift in Sources */ = {isa = PBXBuildFile; fileRef = 8E648CAD1E56ADB70076FC63 /* FancyButton.swift */; };
		8E648CB01E58D3F40076FC63 /* GoogleService-Info.plist in Resources */ = {isa = PBXBuildFile; fileRef = 8E648CAF1E58D3F40076FC63 /* GoogleService-Info.plist */; };
		8E648CB21E591B680076FC63 /* FeedVC.swift in Sources */ = {isa = PBXBuildFile; fileRef = 8E648CB11E591B680076FC63 /* FeedVC.swift */; };
		8EE45E7F1E5A74E50012A08F /* CircularImageView.swift in Sources */ = {isa = PBXBuildFile; fileRef = 8EE45E7E1E5A74E50012A08F /* CircularImageView.swift */; };
		DD8C753D2686E05D2067B7FF /* Pods_Devslopes_Social.framework in Frameworks */ = {isa = PBXBuildFile; fileRef = D39456F2775CE1823398C160 /* Pods_Devslopes_Social.framework */; };
/* End PBXBuildFile section */

/* Begin PBXFileReference section */
		8E47E52D1E566BCE006F3686 /* Devslopes Social.app */ = {isa = PBXFileReference; explicitFileType = wrapper.application; includeInIndex = 0; path = "Devslopes Social.app"; sourceTree = BUILT_PRODUCTS_DIR; };
		8E47E5301E566BCE006F3686 /* AppDelegate.swift */ = {isa = PBXFileReference; lastKnownFileType = sourcecode.swift; path = AppDelegate.swift; sourceTree = "<group>"; };
		8E47E5321E566BCE006F3686 /* SignInVC.swift */ = {isa = PBXFileReference; lastKnownFileType = sourcecode.swift; path = SignInVC.swift; sourceTree = "<group>"; };
		8E47E5351E566BCE006F3686 /* Base */ = {isa = PBXFileReference; lastKnownFileType = file.storyboard; name = Base; path = Base.lproj/Main.storyboard; sourceTree = "<group>"; };
		8E47E5371E566BCE006F3686 /* Assets.xcassets */ = {isa = PBXFileReference; lastKnownFileType = folder.assetcatalog; path = Assets.xcassets; sourceTree = "<group>"; };
		8E47E53A1E566BCE006F3686 /* Base */ = {isa = PBXFileReference; lastKnownFileType = file.storyboard; name = Base; path = Base.lproj/LaunchScreen.storyboard; sourceTree = "<group>"; };
		8E47E53C1E566BCE006F3686 /* Info.plist */ = {isa = PBXFileReference; lastKnownFileType = text.plist.xml; path = Info.plist; sourceTree = "<group>"; };
		8E648CA41E56A4730076FC63 /* FancyView.swift */ = {isa = PBXFileReference; fileEncoding = 4; lastKnownFileType = sourcecode.swift; path = FancyView.swift; sourceTree = "<group>"; };
		8E648CA71E56A58D0076FC63 /* Constants.swift */ = {isa = PBXFileReference; fileEncoding = 4; lastKnownFileType = sourcecode.swift; path = Constants.swift; sourceTree = "<group>"; };
		8E648CA91E56A8300076FC63 /* RoundButton.swift */ = {isa = PBXFileReference; fileEncoding = 4; lastKnownFileType = sourcecode.swift; path = RoundButton.swift; sourceTree = "<group>"; };
		8E648CAB1E56AB360076FC63 /* FancyField.swift */ = {isa = PBXFileReference; fileEncoding = 4; lastKnownFileType = sourcecode.swift; path = FancyField.swift; sourceTree = "<group>"; };
		8E648CAD1E56ADB70076FC63 /* FancyButton.swift */ = {isa = PBXFileReference; fileEncoding = 4; lastKnownFileType = sourcecode.swift; path = FancyButton.swift; sourceTree = "<group>"; };
		8E648CAF1E58D3F40076FC63 /* GoogleService-Info.plist */ = {isa = PBXFileReference; fileEncoding = 4; lastKnownFileType = text.plist.xml; path = "GoogleService-Info.plist"; sourceTree = "<group>"; };
		8E648CB11E591B680076FC63 /* FeedVC.swift */ = {isa = PBXFileReference; fileEncoding = 4; lastKnownFileType = sourcecode.swift; path = FeedVC.swift; sourceTree = "<group>"; };
		8EE45E7E1E5A74E50012A08F /* CircularImageView.swift */ = {isa = PBXFileReference; fileEncoding = 4; lastKnownFileType = sourcecode.swift; path = CircularImageView.swift; sourceTree = "<group>"; };
		C4CDDD1A6C601A8C676CD024 /* Pods-Devslopes Social.release.xcconfig */ = {isa = PBXFileReference; includeInIndex = 1; lastKnownFileType = text.xcconfig; name = "Pods-Devslopes Social.release.xcconfig"; path = "Pods/Target Support Files/Pods-Devslopes Social/Pods-Devslopes Social.release.xcconfig"; sourceTree = "<group>"; };
		D39456F2775CE1823398C160 /* Pods_Devslopes_Social.framework */ = {isa = PBXFileReference; explicitFileType = wrapper.framework; includeInIndex = 0; path = Pods_Devslopes_Social.framework; sourceTree = BUILT_PRODUCTS_DIR; };
		E43BF7A910DB2FFA5F862E65 /* Pods-Devslopes Social.debug.xcconfig */ = {isa = PBXFileReference; includeInIndex = 1; lastKnownFileType = text.xcconfig; name = "Pods-Devslopes Social.debug.xcconfig"; path = "Pods/Target Support Files/Pods-Devslopes Social/Pods-Devslopes Social.debug.xcconfig"; sourceTree = "<group>"; };
/* End PBXFileReference section */

/* Begin PBXFrameworksBuildPhase section */
		8E47E52A1E566BCE006F3686 /* Frameworks */ = {
			isa = PBXFrameworksBuildPhase;
			buildActionMask = 2147483647;
			files = (
				DD8C753D2686E05D2067B7FF /* Pods_Devslopes_Social.framework in Frameworks */,
			);
			runOnlyForDeploymentPostprocessing = 0;
		};
/* End PBXFrameworksBuildPhase section */

/* Begin PBXGroup section */
		0215C5A31C4830A2E86C781C /* Frameworks */ = {
			isa = PBXGroup;
			children = (
				D39456F2775CE1823398C160 /* Pods_Devslopes_Social.framework */,
			);
			name = Frameworks;
			sourceTree = "<group>";
		};
		8E47E5241E566BCE006F3686 = {
			isa = PBXGroup;
			children = (
				8E47E52F1E566BCE006F3686 /* Devslopes Social */,
				8E47E52E1E566BCE006F3686 /* Products */,
				A231C445E031573C3FD3174F /* Pods */,
				0215C5A31C4830A2E86C781C /* Frameworks */,
			);
			sourceTree = "<group>";
		};
		8E47E52E1E566BCE006F3686 /* Products */ = {
			isa = PBXGroup;
			children = (
				8E47E52D1E566BCE006F3686 /* Devslopes Social.app */,
			);
			name = Products;
			sourceTree = "<group>";
		};
		8E47E52F1E566BCE006F3686 /* Devslopes Social */ = {
			isa = PBXGroup;
			children = (
				8E648CA61E56A57D0076FC63 /* Util */,
				8E648CA01E5676390076FC63 /* Model */,
				8E648CA21E5676430076FC63 /* View */,
				8E648CA31E56764A0076FC63 /* Controller */,
				8E47E5301E566BCE006F3686 /* AppDelegate.swift */,
				8E47E5341E566BCE006F3686 /* Main.storyboard */,
				8E47E5371E566BCE006F3686 /* Assets.xcassets */,
				8E47E5391E566BCE006F3686 /* LaunchScreen.storyboard */,
				8E648CAF1E58D3F40076FC63 /* GoogleService-Info.plist */,
				8E47E53C1E566BCE006F3686 /* Info.plist */,
			);
			path = "Devslopes Social";
			sourceTree = "<group>";
		};
		8E648CA01E5676390076FC63 /* Model */ = {
			isa = PBXGroup;
			children = (
			);
			name = Model;
			sourceTree = "<group>";
		};
		8E648CA21E5676430076FC63 /* View */ = {
			isa = PBXGroup;
			children = (
				8E648CA91E56A8300076FC63 /* RoundButton.swift */,
				8E648CA41E56A4730076FC63 /* FancyView.swift */,
				8E648CAB1E56AB360076FC63 /* FancyField.swift */,
				8E648CAD1E56ADB70076FC63 /* FancyButton.swift */,
				8EE45E7E1E5A74E50012A08F /* CircularImageView.swift */,
			);
			name = View;
			sourceTree = "<group>";
		};
		8E648CA31E56764A0076FC63 /* Controller */ = {
			isa = PBXGroup;
			children = (
				8E47E5321E566BCE006F3686 /* SignInVC.swift */,
				8E648CB11E591B680076FC63 /* FeedVC.swift */,
			);
			name = Controller;
			sourceTree = "<group>";
		};
		8E648CA61E56A57D0076FC63 /* Util */ = {
			isa = PBXGroup;
			children = (
				8E648CA71E56A58D0076FC63 /* Constants.swift */,
			);
			name = Util;
			sourceTree = "<group>";
		};
		A231C445E031573C3FD3174F /* Pods */ = {
			isa = PBXGroup;
			children = (
				E43BF7A910DB2FFA5F862E65 /* Pods-Devslopes Social.debug.xcconfig */,
				C4CDDD1A6C601A8C676CD024 /* Pods-Devslopes Social.release.xcconfig */,
			);
			name = Pods;
			sourceTree = "<group>";
		};
/* End PBXGroup section */

/* Begin PBXNativeTarget section */
		8E47E52C1E566BCE006F3686 /* Devslopes Social */ = {
			isa = PBXNativeTarget;
			buildConfigurationList = 8E47E53F1E566BCE006F3686 /* Build configuration list for PBXNativeTarget "Devslopes Social" */;
			buildPhases = (
				C700435421FC978B7C65F57E /* [CP] Check Pods Manifest.lock */,
				8E47E5291E566BCE006F3686 /* Sources */,
				8E47E52A1E566BCE006F3686 /* Frameworks */,
				8E47E52B1E566BCE006F3686 /* Resources */,
				BD29097638A87D04C5A60A38 /* [CP] Embed Pods Frameworks */,
				B513975376913EE55CD25CF2 /* [CP] Copy Pods Resources */,
			);
			buildRules = (
			);
			dependencies = (
			);
			name = "Devslopes Social";
			productName = "Devslopes Social";
			productReference = 8E47E52D1E566BCE006F3686 /* Devslopes Social.app */;
			productType = "com.apple.product-type.application";
		};
/* End PBXNativeTarget section */

/* Begin PBXProject section */
		8E47E5251E566BCE006F3686 /* Project object */ = {
			isa = PBXProject;
			attributes = {
				LastSwiftUpdateCheck = 0820;
				LastUpgradeCheck = 0820;
				ORGANIZATIONNAME = barcennas;
				TargetAttributes = {
					8E47E52C1E566BCE006F3686 = {
						CreatedOnToolsVersion = 8.2.1;
						DevelopmentTeam = E5F4JMN6W8;
						ProvisioningStyle = Automatic;
					};
				};
			};
			buildConfigurationList = 8E47E5281E566BCE006F3686 /* Build configuration list for PBXProject "Devslopes Social" */;
			compatibilityVersion = "Xcode 3.2";
			developmentRegion = English;
			hasScannedForEncodings = 0;
			knownRegions = (
				en,
				Base,
			);
			mainGroup = 8E47E5241E566BCE006F3686;
			productRefGroup = 8E47E52E1E566BCE006F3686 /* Products */;
			projectDirPath = "";
			projectRoot = "";
			targets = (
				8E47E52C1E566BCE006F3686 /* Devslopes Social */,
			);
		};
/* End PBXProject section */

/* Begin PBXResourcesBuildPhase section */
		8E47E52B1E566BCE006F3686 /* Resources */ = {
			isa = PBXResourcesBuildPhase;
			buildActionMask = 2147483647;
			files = (
				8E47E53B1E566BCE006F3686 /* LaunchScreen.storyboard in Resources */,
				8E648CB01E58D3F40076FC63 /* GoogleService-Info.plist in Resources */,
				8E47E5381E566BCE006F3686 /* Assets.xcassets in Resources */,
				8E47E5361E566BCE006F3686 /* Main.storyboard in Resources */,
			);
			runOnlyForDeploymentPostprocessing = 0;
		};
/* End PBXResourcesBuildPhase section */

/* Begin PBXShellScriptBuildPhase section */
		B513975376913EE55CD25CF2 /* [CP] Copy Pods Resources */ = {
			isa = PBXShellScriptBuildPhase;
			buildActionMask = 2147483647;
			files = (
			);
			inputPaths = (
			);
			name = "[CP] Copy Pods Resources";
			outputPaths = (
			);
			runOnlyForDeploymentPostprocessing = 0;
			shellPath = /bin/sh;
			shellScript = "\"${SRCROOT}/Pods/Target Support Files/Pods-Devslopes Social/Pods-Devslopes Social-resources.sh\"\n";
			showEnvVarsInLog = 0;
		};
		BD29097638A87D04C5A60A38 /* [CP] Embed Pods Frameworks */ = {
			isa = PBXShellScriptBuildPhase;
			buildActionMask = 2147483647;
			files = (
			);
			inputPaths = (
			);
			name = "[CP] Embed Pods Frameworks";
			outputPaths = (
			);
			runOnlyForDeploymentPostprocessing = 0;
			shellPath = /bin/sh;
			shellScript = "\"${SRCROOT}/Pods/Target Support Files/Pods-Devslopes Social/Pods-Devslopes Social-frameworks.sh\"\n";
			showEnvVarsInLog = 0;
		};
		C700435421FC978B7C65F57E /* [CP] Check Pods Manifest.lock */ = {
			isa = PBXShellScriptBuildPhase;
			buildActionMask = 2147483647;
			files = (
			);
			inputPaths = (
			);
			name = "[CP] Check Pods Manifest.lock";
			outputPaths = (
			);
			runOnlyForDeploymentPostprocessing = 0;
			shellPath = /bin/sh;
			shellScript = "diff \"${PODS_ROOT}/../Podfile.lock\" \"${PODS_ROOT}/Manifest.lock\" > /dev/null\nif [ $? != 0 ] ; then\n    # print error to STDERR\n    echo \"error: The sandbox is not in sync with the Podfile.lock. Run 'pod install' or update your CocoaPods installation.\" >&2\n    exit 1\nfi\n";
			showEnvVarsInLog = 0;
		};
/* End PBXShellScriptBuildPhase section */

/* Begin PBXSourcesBuildPhase section */
		8E47E5291E566BCE006F3686 /* Sources */ = {
			isa = PBXSourcesBuildPhase;
			buildActionMask = 2147483647;
			files = (
				8E648CAC1E56AB360076FC63 /* FancyField.swift in Sources */,
				8EE45E7F1E5A74E50012A08F /* CircularImageView.swift in Sources */,
				8E47E5331E566BCE006F3686 /* SignInVC.swift in Sources */,
				8E648CAA1E56A8300076FC63 /* RoundButton.swift in Sources */,
				8E648CAE1E56ADB70076FC63 /* FancyButton.swift in Sources */,
				8E648CB21E591B680076FC63 /* FeedVC.swift in Sources */,
				8E47E5311E566BCE006F3686 /* AppDelegate.swift in Sources */,
				8E648CA51E56A4730076FC63 /* FancyView.swift in Sources */,
				8E648CA81E56A58D0076FC63 /* Constants.swift in Sources */,
			);
			runOnlyForDeploymentPostprocessing = 0;
		};
/* End PBXSourcesBuildPhase section */

/* Begin PBXVariantGroup section */
		8E47E5341E566BCE006F3686 /* Main.storyboard */ = {
			isa = PBXVariantGroup;
			children = (
				8E47E5351E566BCE006F3686 /* Base */,
			);
			name = Main.storyboard;
			sourceTree = "<group>";
		};
		8E47E5391E566BCE006F3686 /* LaunchScreen.storyboard */ = {
			isa = PBXVariantGroup;
			children = (
				8E47E53A1E566BCE006F3686 /* Base */,
			);
			name = LaunchScreen.storyboard;
			sourceTree = "<group>";
		};
/* End PBXVariantGroup section */

/* Begin XCBuildConfiguration section */
		8E47E53D1E566BCE006F3686 /* Debug */ = {
			isa = XCBuildConfiguration;
			buildSettings = {
				ALWAYS_SEARCH_USER_PATHS = NO;
				CLANG_ANALYZER_NONNULL = YES;
				CLANG_CXX_LANGUAGE_STANDARD = "gnu++0x";
				CLANG_CXX_LIBRARY = "libc++";
				CLANG_ENABLE_MODULES = YES;
				CLANG_ENABLE_OBJC_ARC = YES;
				CLANG_WARN_BOOL_CONVERSION = YES;
				CLANG_WARN_CONSTANT_CONVERSION = YES;
				CLANG_WARN_DIRECT_OBJC_ISA_USAGE = YES_ERROR;
				CLANG_WARN_DOCUMENTATION_COMMENTS = YES;
				CLANG_WARN_EMPTY_BODY = YES;
				CLANG_WARN_ENUM_CONVERSION = YES;
				CLANG_WARN_INFINITE_RECURSION = YES;
				CLANG_WARN_INT_CONVERSION = YES;
				CLANG_WARN_OBJC_ROOT_CLASS = YES_ERROR;
				CLANG_WARN_SUSPICIOUS_MOVE = YES;
				CLANG_WARN_UNREACHABLE_CODE = YES;
				CLANG_WARN__DUPLICATE_METHOD_MATCH = YES;
				"CODE_SIGN_IDENTITY[sdk=iphoneos*]" = "iPhone Developer";
				COPY_PHASE_STRIP = NO;
				DEBUG_INFORMATION_FORMAT = dwarf;
				ENABLE_STRICT_OBJC_MSGSEND = YES;
				ENABLE_TESTABILITY = YES;
				GCC_C_LANGUAGE_STANDARD = gnu99;
				GCC_DYNAMIC_NO_PIC = NO;
				GCC_NO_COMMON_BLOCKS = YES;
				GCC_OPTIMIZATION_LEVEL = 0;
				GCC_PREPROCESSOR_DEFINITIONS = (
					"DEBUG=1",
					"$(inherited)",
				);
				GCC_WARN_64_TO_32_BIT_CONVERSION = YES;
				GCC_WARN_ABOUT_RETURN_TYPE = YES_ERROR;
				GCC_WARN_UNDECLARED_SELECTOR = YES;
				GCC_WARN_UNINITIALIZED_AUTOS = YES_AGGRESSIVE;
				GCC_WARN_UNUSED_FUNCTION = YES;
				GCC_WARN_UNUSED_VARIABLE = YES;
				IPHONEOS_DEPLOYMENT_TARGET = 10.2;
				MTL_ENABLE_DEBUG_INFO = YES;
				ONLY_ACTIVE_ARCH = YES;
				SDKROOT = iphoneos;
				SWIFT_ACTIVE_COMPILATION_CONDITIONS = DEBUG;
				SWIFT_OPTIMIZATION_LEVEL = "-Onone";
				TARGETED_DEVICE_FAMILY = "1,2";
			};
			name = Debug;
		};
		8E47E53E1E566BCE006F3686 /* Release */ = {
			isa = XCBuildConfiguration;
			buildSettings = {
				ALWAYS_SEARCH_USER_PATHS = NO;
				CLANG_ANALYZER_NONNULL = YES;
				CLANG_CXX_LANGUAGE_STANDARD = "gnu++0x";
				CLANG_CXX_LIBRARY = "libc++";
				CLANG_ENABLE_MODULES = YES;
				CLANG_ENABLE_OBJC_ARC = YES;
				CLANG_WARN_BOOL_CONVERSION = YES;
				CLANG_WARN_CONSTANT_CONVERSION = YES;
				CLANG_WARN_DIRECT_OBJC_ISA_USAGE = YES_ERROR;
				CLANG_WARN_DOCUMENTATION_COMMENTS = YES;
				CLANG_WARN_EMPTY_BODY = YES;
				CLANG_WARN_ENUM_CONVERSION = YES;
				CLANG_WARN_INFINITE_RECURSION = YES;
				CLANG_WARN_INT_CONVERSION = YES;
				CLANG_WARN_OBJC_ROOT_CLASS = YES_ERROR;
				CLANG_WARN_SUSPICIOUS_MOVE = YES;
				CLANG_WARN_UNREACHABLE_CODE = YES;
				CLANG_WARN__DUPLICATE_METHOD_MATCH = YES;
				"CODE_SIGN_IDENTITY[sdk=iphoneos*]" = "iPhone Developer";
				COPY_PHASE_STRIP = NO;
				DEBUG_INFORMATION_FORMAT = "dwarf-with-dsym";
				ENABLE_NS_ASSERTIONS = NO;
				ENABLE_STRICT_OBJC_MSGSEND = YES;
				GCC_C_LANGUAGE_STANDARD = gnu99;
				GCC_NO_COMMON_BLOCKS = YES;
				GCC_WARN_64_TO_32_BIT_CONVERSION = YES;
				GCC_WARN_ABOUT_RETURN_TYPE = YES_ERROR;
				GCC_WARN_UNDECLARED_SELECTOR = YES;
				GCC_WARN_UNINITIALIZED_AUTOS = YES_AGGRESSIVE;
				GCC_WARN_UNUSED_FUNCTION = YES;
				GCC_WARN_UNUSED_VARIABLE = YES;
				IPHONEOS_DEPLOYMENT_TARGET = 10.2;
				MTL_ENABLE_DEBUG_INFO = NO;
				SDKROOT = iphoneos;
				SWIFT_OPTIMIZATION_LEVEL = "-Owholemodule";
				TARGETED_DEVICE_FAMILY = "1,2";
				VALIDATE_PRODUCT = YES;
			};
			name = Release;
		};
		8E47E5401E566BCE006F3686 /* Debug */ = {
			isa = XCBuildConfiguration;
			baseConfigurationReference = E43BF7A910DB2FFA5F862E65 /* Pods-Devslopes Social.debug.xcconfig */;
			buildSettings = {
				ASSETCATALOG_COMPILER_APPICON_NAME = AppIcon;
				DEVELOPMENT_TEAM = E5F4JMN6W8;
				INFOPLIST_FILE = "Devslopes Social/Info.plist";
				LD_RUNPATH_SEARCH_PATHS = "$(inherited) @executable_path/Frameworks";
				PRODUCT_BUNDLE_IDENTIFIER = "com.barcenas.Devslopes-Social";
				PRODUCT_NAME = "$(TARGET_NAME)";
				SWIFT_VERSION = 3.0;
			};
			name = Debug;
		};
		8E47E5411E566BCE006F3686 /* Release */ = {
			isa = XCBuildConfiguration;
			baseConfigurationReference = C4CDDD1A6C601A8C676CD024 /* Pods-Devslopes Social.release.xcconfig */;
			buildSettings = {
				ASSETCATALOG_COMPILER_APPICON_NAME = AppIcon;
				DEVELOPMENT_TEAM = E5F4JMN6W8;
				INFOPLIST_FILE = "Devslopes Social/Info.plist";
				LD_RUNPATH_SEARCH_PATHS = "$(inherited) @executable_path/Frameworks";
				PRODUCT_BUNDLE_IDENTIFIER = "com.barcenas.Devslopes-Social";
				PRODUCT_NAME = "$(TARGET_NAME)";
				SWIFT_VERSION = 3.0;
			};
			name = Release;
		};
/* End XCBuildConfiguration section */

/* Begin XCConfigurationList section */
		8E47E5281E566BCE006F3686 /* Build configuration list for PBXProject "Devslopes Social" */ = {
			isa = XCConfigurationList;
			buildConfigurations = (
				8E47E53D1E566BCE006F3686 /* Debug */,
				8E47E53E1E566BCE006F3686 /* Release */,
			);
			defaultConfigurationIsVisible = 0;
			defaultConfigurationName = Release;
		};
		8E47E53F1E566BCE006F3686 /* Build configuration list for PBXNativeTarget "Devslopes Social" */ = {
			isa = XCConfigurationList;
			buildConfigurations = (
				8E47E5401E566BCE006F3686 /* Debug */,
				8E47E5411E566BCE006F3686 /* Release */,
			);
			defaultConfigurationIsVisible = 0;
			defaultConfigurationName = Release;
		};
/* End XCConfigurationList section */
	};
	rootObject = 8E47E5251E566BCE006F3686 /* Project object */;
}
